
Microsoft Visual Studio Solution File, Format Version 12.00
# Visual Studio Version 16
VisualStudioVersion = 16.0.29613.14
MinimumVisualStudioVersion = 10.0.40219.1
Project("{9A19103F-16F7-4668-BE54-9A1E7A4F7556}") = "SprintRetrospectiveApp", "SprintRetrospectiveApp\SprintRetrospectiveApp.csproj", "{10130E30-BCFD-4788-A286-07D57AC5A9BB}"
EndProject
Project("{FAE04EC0-301F-11D3-BF4B-00C04F79EFBC}") = "SprintRetrospectiveFront", "SprintRetrospectiveFront\SprintRetrospectiveFront.csproj", "{9F59924B-F333-40C8-BB82-5DB1025F2A30}"
EndProject
Global
	GlobalSection(SolutionConfigurationPlatforms) = preSolution
		Debug|Any CPU = Debug|Any CPU
		Release|Any CPU = Release|Any CPU
	EndGlobalSection
	GlobalSection(ProjectConfigurationPlatforms) = postSolution
		{10130E30-BCFD-4788-A286-07D57AC5A9BB}.Debug|Any CPU.ActiveCfg = Debug|Any CPU
		{10130E30-BCFD-4788-A286-07D57AC5A9BB}.Debug|Any CPU.Build.0 = Debug|Any CPU
		{10130E30-BCFD-4788-A286-07D57AC5A9BB}.Release|Any CPU.ActiveCfg = Release|Any CPU
		{10130E30-BCFD-4788-A286-07D57AC5A9BB}.Release|Any CPU.Build.0 = Release|Any CPU
		{9F59924B-F333-40C8-BB82-5DB1025F2A30}.Debug|Any CPU.ActiveCfg = Debug|Any CPU
		{9F59924B-F333-40C8-BB82-5DB1025F2A30}.Debug|Any CPU.Build.0 = Debug|Any CPU
		{9F59924B-F333-40C8-BB82-5DB1025F2A30}.Release|Any CPU.ActiveCfg = Release|Any CPU
		{9F59924B-F333-40C8-BB82-5DB1025F2A30}.Release|Any CPU.Build.0 = Release|Any CPU
	EndGlobalSection
	GlobalSection(SolutionProperties) = preSolution
		HideSolutionNode = FALSE
	EndGlobalSection
	GlobalSection(ExtensibilityGlobals) = postSolution
		SolutionGuid = {22B5184A-0B69-40EC-BEB3-8F0F89AD6294}
	EndGlobalSection
EndGlobal
